lockfileVersion: '9.0'

settings:
  autoInstallPeers: true
  excludeLinksFromLockfile: false

importers:

  .:
    dependencies:
      pnpm:
        specifier: ^10.13.0
        version: 10.13.0

packages:

  pnpm@10.13.0:
    resolution: {integrity: sha512-4Iy/pdDEfhSNnZKWVROvPQakL/mbbg6Cp9EFEoWND7aAoDweZ3LTaaIwXHkwbJJXmJo1drcFfWh3RpyaHHVj8A==}
    engines: {node: '>=18.12'}
    hasBin: true

snapshots:

  pnpm@10.13.0: {}
